
Microsoft Visual Studio Solution File, Format Version 12.00
# Visual Studio Version 17
VisualStudioVersion = 17.8.34330.188
MinimumVisualStudioVersion = 10.0.40219.1
Project("{FAE04EC0-301F-11D3-BF4B-00C04F79EFBC}") = "jendemo", "jendemo\jendemo.csproj", "{C8BB76D0-01F3-4A61-A087-F872C631E819}"
EndProject
Project("{FAE04EC0-301F-11D3-BF4B-00C04F79EFBC}") = "TestMe", "TestMe\TestMe.csproj", "{C2A3AB8A-BA33-48C5-A8B6-8A4A1F64059F}"
EndProject
Global
	GlobalSection(SolutionConfigurationPlatforms) = preSolution
		Debug|Any CPU = Debug|Any CPU
		Release|Any CPU = Release|Any CPU
	EndGlobalSection
	GlobalSection(ProjectConfigurationPlatforms) = postSolution
		{C8BB76D0-01F3-4A61-A087-F872C631E819}.Debug|Any CPU.ActiveCfg = Debug|Any CPU
		{C8BB76D0-01F3-4A61-A087-F872C631E819}.Debug|Any CPU.Build.0 = Debug|Any CPU
		{C8BB76D0-01F3-4A61-A087-F872C631E819}.Release|Any CPU.ActiveCfg = Release|Any CPU
		{C8BB76D0-01F3-4A61-A087-F872C631E819}.Release|Any CPU.Build.0 = Release|Any CPU
		{C2A3AB8A-BA33-48C5-A8B6-8A4A1F64059F}.Debug|Any CPU.ActiveCfg = Debug|Any CPU
		{C2A3AB8A-BA33-48C5-A8B6-8A4A1F64059F}.Debug|Any CPU.Build.0 = Debug|Any CPU
		{C2A3AB8A-BA33-48C5-A8B6-8A4A1F64059F}.Release|Any CPU.ActiveCfg = Release|Any CPU
		{C2A3AB8A-BA33-48C5-A8B6-8A4A1F64059F}.Release|Any CPU.Build.0 = Release|Any CPU
	EndGlobalSection
	GlobalSection(SolutionProperties) = preSolution
		HideSolutionNode = FALSE
	EndGlobalSection
	GlobalSection(ExtensibilityGlobals) = postSolution
		SolutionGuid = {E0FB79D4-D79E-4C60-B650-5AEFC737DF01}
	EndGlobalSection
EndGlobal
